{
  "lockfileVersion": 1,
  "configVersion": 1,
  "workspaces": {
    "": {
      "name": "google-places-api",
      "dependencies": {
        "csv-parser": "^3.2.0",
        "dotenv": "^17.3.1",
        "env-ts": "^1.0.4",
        "fs": "^0.0.1-security",
      },
      "devDependencies": {
        "@types/bun": "latest",
      },
      "peerDependencies": {
        "typescript": "^5.9.3",
      },
    },
  },
  "packages": {
    "@types/bun": ["@types/bun@1.3.10", "", { "dependencies": { "bun-types": "1.3.10" } }, "sha512-0+rlrUrOrTSskibryHbvQkDOWRJwJZqZlxrUs1u4oOoTln8+WIXBPmAuCF35SWB2z4Zl3E84Nl/D0P7803nigQ=="],

    "@types/node": ["@types/node@25.3.3", "", { "dependencies": { "undici-types": "~7.18.0" } }, "sha512-DpzbrH7wIcBaJibpKo9nnSQL0MTRdnWttGyE5haGwK86xgMOkFLp7vEyfQPGLOJh5wNYiJ3V9PmUMDhV9u8kkQ=="],

    "bun-types": ["bun-types@1.3.10", "", { "dependencies": { "@types/node": "*" } }, "sha512-tcpfCCl6XWo6nCVnpcVrxQ+9AYN1iqMIzgrSKYMB/fjLtV2eyAVEg7AxQJuCq/26R6HpKWykQXuSOq/21RYcbg=="],

    "csv-parser": ["csv-parser@3.2.0", "", { "bin": { "csv-parser": "bin/csv-parser" } }, "sha512-fgKbp+AJbn1h2dcAHKIdKNSSjfp43BZZykXsCjzALjKy80VXQNHPFJ6T9Afwdzoj24aMkq8GwDS7KGcDPpejrA=="],

    "dotenv": ["dotenv@17.3.1", "", {}, "sha512-IO8C/dzEb6O3F9/twg6ZLXz164a2fhTnEWb95H23Dm4OuN+92NmEAlTrupP9VW6Jm3sO26tQlqyvyi4CsnY9GA=="],

    "env-ts": ["env-ts@1.0.4", "", { "dependencies": { "dotenv": "^8.0.0", "joi": "^14.3.1" } }, "sha512-5Jcz0cfkCQjOOGPE/QfYCfsoca3lsT9xh1fKA0XgtHCpTxorj5/OJ8Prw7dByG4qG/PJ8TNK43Y0e4oQBvWimA=="],

    "fs": ["fs@0.0.1-security", "", {}, "sha512-3XY9e1pP0CVEUCdj5BmfIZxRBTSDycnbqhIOGec9QYtmVH2fbLpj86CFWkrNOkt/Fvty4KZG5lTglL9j/gJ87w=="],

    "hoek": ["hoek@6.1.3", "", {}, "sha512-YXXAAhmF9zpQbC7LEcREFtXfGq5K1fmd+4PHkBq8NUqmzW3G+Dq10bI/i0KucLRwss3YYFQ0fSfoxBZYiGUqtQ=="],

    "isemail": ["isemail@3.2.0", "", { "dependencies": { "punycode": "2.x.x" } }, "sha512-zKqkK+O+dGqevc93KNsbZ/TqTUFd46MwWjYOoMrjIMZ51eU7DtQG3Wmd9SQQT7i7RVnuTPEiYEWHU3MSbxC1Tg=="],

    "joi": ["joi@14.3.1", "", { "dependencies": { "hoek": "6.x.x", "isemail": "3.x.x", "topo": "3.x.x" } }, "sha512-LQDdM+pkOrpAn4Lp+neNIFV3axv1Vna3j38bisbQhETPMANYRbFJFUyOZcOClYvM/hppMhGWuKSFEK9vjrB+bQ=="],

    "punycode": ["punycode@2.3.1", "", {}, "sha512-vYt7UD1U9Wg6138shLtLOvdAu+8DsC/ilFtEVHcH+wydcSpNE20AfSOduf6MkRFahL5FY7X1oU7nKVZFtfq8Fg=="],

    "topo": ["topo@3.0.3", "", { "dependencies": { "hoek": "6.x.x" } }, "sha512-IgpPtvD4kjrJ7CRA3ov2FhWQADwv+Tdqbsf1ZnPUSAtCJ9e1Z44MmoSGDXGk4IppoZA7jd/QRkNddlLJWlUZsQ=="],

    "typescript": ["typescript@5.9.3", "", { "bin": { "tsc": "bin/tsc", "tsserver": "bin/tsserver" } }, "sha512-jl1vZzPDinLr9eUt3J/t7V6FgNEw9QjvBPdysz9KfQDD41fQrC2Y4vKQdiaUpFT4bXlb1RHhLpp8wtm6M5TgSw=="],

    "undici-types": ["undici-types@7.18.2", "", {}, "sha512-AsuCzffGHJybSaRrmr5eHr81mwJU3kjw6M+uprWvCXiNeN9SOGwQ3Jn8jb8m3Z6izVgknn1R0FTCEAP2QrLY/w=="],

    "env-ts/dotenv": ["dotenv@8.6.0", "", {}, "sha512-IrPdXQsk2BbzvCBGBOTmmSH5SodmqZNt4ERAZDmW4CT+tL8VtvinqywuANaFu4bOMWki16nqf0e4oC0QIaDr/g=="],
  }
}
